
Microsoft Visual Studio Solution File, Format Version 12.00
# Visual Studio Version 16
VisualStudioVersion = 16.0.32002.261
MinimumVisualStudioVersion = 10.0.40219.1
Project("{FAE04EC0-301F-11D3-BF4B-00C04F79EFBC}") = "PrimeiroRobo", "PrimeiroRobo\PrimeiroRobo.csproj", "{1FFAEE67-125B-453F-8E45-3D2C4D95AEB2}"
EndProject
Project("{FAE04EC0-301F-11D3-BF4B-00C04F79EFBC}") = "SegundoRobo", "SegundoRobo\SegundoRobo.csproj", "{A2EA0745-4C83-4A34-9C6A-7AA3EA5C6966}"
EndProject
Project("{FAE04EC0-301F-11D3-BF4B-00C04F79EFBC}") = "AplicacaoWeb", "AplicacaoWeb\AplicacaoWeb.csproj", "{C6241E63-E437-44E1-948F-6F2B32719BC3}"
EndProject
Project("{FAE04EC0-301F-11D3-BF4B-00C04F79EFBC}") = "Tests", "Tests\Tests.csproj", "{8E04ED28-8CD2-4173-B43E-48EF0A286CB7}"
EndProject
Project("{FAE04EC0-301F-11D3-BF4B-00C04F79EFBC}") = "Domain", "Domain\Domain.csproj", "{AA0E5F74-B397-4BF0-A42F-B7F73B426D45}"
EndProject
Project("{FAE04EC0-301F-11D3-BF4B-00C04F79EFBC}") = "IoC", "IoC\IoC.csproj", "{E399D700-6355-4749-A069-CB0B1E7E5AE0}"
EndProject
Project("{FAE04EC0-301F-11D3-BF4B-00C04F79EFBC}") = "Data", "Data\Data.csproj", "{F23CCF80-DE27-42EB-B9CE-D29DE0A3935E}"
EndProject
Project("{2150E333-8FDC-42A3-9474-1A3956D46DE8}") = "1.Business", "1.Business", "{12B4AB5B-462F-4579-8AAF-8703089FB15D}"
EndProject
Project("{2150E333-8FDC-42A3-9474-1A3956D46DE8}") = "2.Tests", "2.Tests", "{FB3299CF-9763-4F5A-9FB4-C966B9CE8474}"
EndProject
Project("{2150E333-8FDC-42A3-9474-1A3956D46DE8}") = "3.Services", "3.Services", "{BA3A0BD3-91AF-49A3-8AE0-9D24EBF7A0AD}"
EndProject
Project("{2150E333-8FDC-42A3-9474-1A3956D46DE8}") = "4.Web", "4.Web", "{86BB009A-D574-4442-9EA6-3EED9ABAE334}"
EndProject
Project("{2150E333-8FDC-42A3-9474-1A3956D46DE8}") = "5.CrossCutting", "5.CrossCutting", "{368F7FF7-EDF6-4594-898B-1E84147958FE}"
EndProject
Global
	GlobalSection(SolutionConfigurationPlatforms) = preSolution
		Debug|Any CPU = Debug|Any CPU
		Release|Any CPU = Release|Any CPU
	EndGlobalSection
	GlobalSection(ProjectConfigurationPlatforms) = postSolution
		{1FFAEE67-125B-453F-8E45-3D2C4D95AEB2}.Debug|Any CPU.ActiveCfg = Debug|Any CPU
		{1FFAEE67-125B-453F-8E45-3D2C4D95AEB2}.Debug|Any CPU.Build.0 = Debug|Any CPU
		{1FFAEE67-125B-453F-8E45-3D2C4D95AEB2}.Release|Any CPU.ActiveCfg = Release|Any CPU
		{1FFAEE67-125B-453F-8E45-3D2C4D95AEB2}.Release|Any CPU.Build.0 = Release|Any CPU
		{A2EA0745-4C83-4A34-9C6A-7AA3EA5C6966}.Debug|Any CPU.ActiveCfg = Debug|Any CPU
		{A2EA0745-4C83-4A34-9C6A-7AA3EA5C6966}.Debug|Any CPU.Build.0 = Debug|Any CPU
		{A2EA0745-4C83-4A34-9C6A-7AA3EA5C6966}.Release|Any CPU.ActiveCfg = Release|Any CPU
		{A2EA0745-4C83-4A34-9C6A-7AA3EA5C6966}.Release|Any CPU.Build.0 = Release|Any CPU
		{C6241E63-E437-44E1-948F-6F2B32719BC3}.Debug|Any CPU.ActiveCfg = Debug|Any CPU
		{C6241E63-E437-44E1-948F-6F2B32719BC3}.Debug|Any CPU.Build.0 = Debug|Any CPU
		{C6241E63-E437-44E1-948F-6F2B32719BC3}.Release|Any CPU.ActiveCfg = Release|Any CPU
		{C6241E63-E437-44E1-948F-6F2B32719BC3}.Release|Any CPU.Build.0 = Release|Any CPU
		{8E04ED28-8CD2-4173-B43E-48EF0A286CB7}.Debug|Any CPU.ActiveCfg = Debug|Any CPU
		{8E04ED28-8CD2-4173-B43E-48EF0A286CB7}.Debug|Any CPU.Build.0 = Debug|Any CPU
		{8E04ED28-8CD2-4173-B43E-48EF0A286CB7}.Release|Any CPU.ActiveCfg = Release|Any CPU
		{8E04ED28-8CD2-4173-B43E-48EF0A286CB7}.Release|Any CPU.Build.0 = Release|Any CPU
		{AA0E5F74-B397-4BF0-A42F-B7F73B426D45}.Debug|Any CPU.ActiveCfg = Debug|Any CPU
		{AA0E5F74-B397-4BF0-A42F-B7F73B426D45}.Debug|Any CPU.Build.0 = Debug|Any CPU
		{AA0E5F74-B397-4BF0-A42F-B7F73B426D45}.Release|Any CPU.ActiveCfg = Release|Any CPU
		{AA0E5F74-B397-4BF0-A42F-B7F73B426D45}.Release|Any CPU.Build.0 = Release|Any CPU
		{E399D700-6355-4749-A069-CB0B1E7E5AE0}.Debug|Any CPU.ActiveCfg = Debug|Any CPU
		{E399D700-6355-4749-A069-CB0B1E7E5AE0}.Debug|Any CPU.Build.0 = Debug|Any CPU
		{E399D700-6355-4749-A069-CB0B1E7E5AE0}.Release|Any CPU.ActiveCfg = Release|Any CPU
		{E399D700-6355-4749-A069-CB0B1E7E5AE0}.Release|Any CPU.Build.0 = Release|Any CPU
		{F23CCF80-DE27-42EB-B9CE-D29DE0A3935E}.Debug|Any CPU.ActiveCfg = Debug|Any CPU
		{F23CCF80-DE27-42EB-B9CE-D29DE0A3935E}.Debug|Any CPU.Build.0 = Debug|Any CPU
		{F23CCF80-DE27-42EB-B9CE-D29DE0A3935E}.Release|Any CPU.ActiveCfg = Release|Any CPU
		{F23CCF80-DE27-42EB-B9CE-D29DE0A3935E}.Release|Any CPU.Build.0 = Release|Any CPU
	EndGlobalSection
	GlobalSection(SolutionProperties) = preSolution
		HideSolutionNode = FALSE
	EndGlobalSection
	GlobalSection(NestedProjects) = preSolution
		{1FFAEE67-125B-453F-8E45-3D2C4D95AEB2} = {BA3A0BD3-91AF-49A3-8AE0-9D24EBF7A0AD}
		{A2EA0745-4C83-4A34-9C6A-7AA3EA5C6966} = {BA3A0BD3-91AF-49A3-8AE0-9D24EBF7A0AD}
		{C6241E63-E437-44E1-948F-6F2B32719BC3} = {86BB009A-D574-4442-9EA6-3EED9ABAE334}
		{8E04ED28-8CD2-4173-B43E-48EF0A286CB7} = {FB3299CF-9763-4F5A-9FB4-C966B9CE8474}
		{AA0E5F74-B397-4BF0-A42F-B7F73B426D45} = {12B4AB5B-462F-4579-8AAF-8703089FB15D}
		{E399D700-6355-4749-A069-CB0B1E7E5AE0} = {368F7FF7-EDF6-4594-898B-1E84147958FE}
		{F23CCF80-DE27-42EB-B9CE-D29DE0A3935E} = {12B4AB5B-462F-4579-8AAF-8703089FB15D}
	EndGlobalSection
	GlobalSection(ExtensibilityGlobals) = postSolution
		SolutionGuid = {2CB0721A-EC8F-43DE-AC5A-35E0BEE0D1E6}
	EndGlobalSection
EndGlobal
